
Microsoft Visual Studio Solution File, Format Version 12.00
# Visual Studio 15
VisualStudioVersion = 15.0.27130.2020
MinimumVisualStudioVersion = 10.0.40219.1
Project("{FAE04EC0-301F-11D3-BF4B-00C04F79EFBC}") = "MittoAgSMS.WebAPI", "MittoAgSMS\MittoAgSMS.WebAPI.csproj", "{46787571-EF20-4B04-A2DD-864DB6EAC871}"
EndProject
Project("{FAE04EC0-301F-11D3-BF4B-00C04F79EFBC}") = "MittoAgSMS.Tests", "MittoAgSMS.Tests\MittoAgSMS.Tests.csproj", "{036BA5A4-E0B0-4300-8834-AE7346E06788}"
EndProject
Project("{FAE04EC0-301F-11D3-BF4B-00C04F79EFBC}") = "MittoAgSMS.BusinessModel", "MittoAgSMS.BusinessModel\MittoAgSMS.BusinessModel.csproj", "{55750351-9346-45BB-AC1A-86BB06A0A242}"
EndProject
Project("{FAE04EC0-301F-11D3-BF4B-00C04F79EFBC}") = "MittoAgSMS.DomainModel", "MittoAgSMS.DomainModel\MittoAgSMS.DomainModel.csproj", "{BFF2A0B6-640C-4D21-89E2-14C07EFE5010}"
EndProject
Project("{2150E333-8FDC-42A3-9474-1A3956D46DE8}") = "Models", "Models", "{6D01DC9A-D065-43E1-BB34-36FB47FB8FD4}"
EndProject
Project("{2150E333-8FDC-42A3-9474-1A3956D46DE8}") = "BusinessLogic", "BusinessLogic", "{E49FE3C4-F3F8-4E5F-8D37-02A15A275681}"
EndProject
Project("{FAE04EC0-301F-11D3-BF4B-00C04F79EFBC}") = "MittoAgSMS.BusinessLogic", "MittoAgSMS.BusinessLogic\MittoAgSMS.BusinessLogic.csproj", "{A08F2460-A4E6-442B-9CBE-A96FDF74A3C8}"
EndProject
Project("{FAE04EC0-301F-11D3-BF4B-00C04F79EFBC}") = "MittoAgSMS.BusinessLogic.Abstractions", "MittoAgSMS.BusinessLogic.Abstractions\MittoAgSMS.BusinessLogic.Abstractions.csproj", "{B42C38B5-2150-4CC2-8D0C-10EC5B749D9E}"
EndProject
Project("{2150E333-8FDC-42A3-9474-1A3956D46DE8}") = "Services", "Services", "{75BA70B9-ACDE-41C1-825D-904037B1AF30}"
EndProject
Project("{FAE04EC0-301F-11D3-BF4B-00C04F79EFBC}") = "MittoAgSMS.Services", "MittoAgSMS.Services\MittoAgSMS.Services.csproj", "{9E286862-5A38-4F8F-921A-B990BFEBC227}"
EndProject
Project("{FAE04EC0-301F-11D3-BF4B-00C04F79EFBC}") = "MittoAgSMS.Services.Abstractions", "MittoAgSMS.Services.Abstractions\MittoAgSMS.Services.Abstractions.csproj", "{543A853F-0188-40B8-86A4-CDFFCC0A7CD2}"
EndProject
Project("{2150E333-8FDC-42A3-9474-1A3956D46DE8}") = "Common", "Common", "{0C82918E-75A1-4CC7-82AF-C23D10824A4A}"
EndProject
Project("{FAE04EC0-301F-11D3-BF4B-00C04F79EFBC}") = "MittoAgSMS.Common", "MittoAgSMS.Common\MittoAgSMS.Common.csproj", "{E5DD9166-EB85-49E5-A78E-70FA3408C406}"
EndProject
Project("{2150E333-8FDC-42A3-9474-1A3956D46DE8}") = "Repository", "Repository", "{76F64627-14A5-47DB-9787-275827C97B30}"
EndProject
Project("{FAE04EC0-301F-11D3-BF4B-00C04F79EFBC}") = "MittoAgSMS.DataAccessLayer", "MittoAgSMS.Repository\MittoAgSMS.DataAccessLayer.csproj", "{08B7DF51-EC5C-421A-8900-781000C2930C}"
EndProject
Project("{FAE04EC0-301F-11D3-BF4B-00C04F79EFBC}") = "MittoAgSMS.DataAccessLayer.Abstraction", "MittoAgSMS.Repository.Abstraction\MittoAgSMS.DataAccessLayer.Abstraction.csproj", "{DEB54494-736C-45B0-9841-14B712CF4CE4}"
EndProject
Global
	GlobalSection(SolutionConfigurationPlatforms) = preSolution
		Debug|Any CPU = Debug|Any CPU
		Release|Any CPU = Release|Any CPU
	EndGlobalSection
	GlobalSection(ProjectConfigurationPlatforms) = postSolution
		{46787571-EF20-4B04-A2DD-864DB6EAC871}.Debug|Any CPU.ActiveCfg = Debug|Any CPU
		{46787571-EF20-4B04-A2DD-864DB6EAC871}.Debug|Any CPU.Build.0 = Debug|Any CPU
		{46787571-EF20-4B04-A2DD-864DB6EAC871}.Release|Any CPU.ActiveCfg = Release|Any CPU
		{46787571-EF20-4B04-A2DD-864DB6EAC871}.Release|Any CPU.Build.0 = Release|Any CPU
		{036BA5A4-E0B0-4300-8834-AE7346E06788}.Debug|Any CPU.ActiveCfg = Debug|Any CPU
		{036BA5A4-E0B0-4300-8834-AE7346E06788}.Debug|Any CPU.Build.0 = Debug|Any CPU
		{036BA5A4-E0B0-4300-8834-AE7346E06788}.Release|Any CPU.ActiveCfg = Release|Any CPU
		{036BA5A4-E0B0-4300-8834-AE7346E06788}.Release|Any CPU.Build.0 = Release|Any CPU
		{55750351-9346-45BB-AC1A-86BB06A0A242}.Debug|Any CPU.ActiveCfg = Debug|Any CPU
		{55750351-9346-45BB-AC1A-86BB06A0A242}.Debug|Any CPU.Build.0 = Debug|Any CPU
		{55750351-9346-45BB-AC1A-86BB06A0A242}.Release|Any CPU.ActiveCfg = Release|Any CPU
		{55750351-9346-45BB-AC1A-86BB06A0A242}.Release|Any CPU.Build.0 = Release|Any CPU
		{BFF2A0B6-640C-4D21-89E2-14C07EFE5010}.Debug|Any CPU.ActiveCfg = Debug|Any CPU
		{BFF2A0B6-640C-4D21-89E2-14C07EFE5010}.Debug|Any CPU.Build.0 = Debug|Any CPU
		{BFF2A0B6-640C-4D21-89E2-14C07EFE5010}.Release|Any CPU.ActiveCfg = Release|Any CPU
		{BFF2A0B6-640C-4D21-89E2-14C07EFE5010}.Release|Any CPU.Build.0 = Release|Any CPU
		{A08F2460-A4E6-442B-9CBE-A96FDF74A3C8}.Debug|Any CPU.ActiveCfg = Debug|Any CPU
		{A08F2460-A4E6-442B-9CBE-A96FDF74A3C8}.Debug|Any CPU.Build.0 = Debug|Any CPU
		{A08F2460-A4E6-442B-9CBE-A96FDF74A3C8}.Release|Any CPU.ActiveCfg = Release|Any CPU
		{A08F2460-A4E6-442B-9CBE-A96FDF74A3C8}.Release|Any CPU.Build.0 = Release|Any CPU
		{B42C38B5-2150-4CC2-8D0C-10EC5B749D9E}.Debug|Any CPU.ActiveCfg = Debug|Any CPU
		{B42C38B5-2150-4CC2-8D0C-10EC5B749D9E}.Debug|Any CPU.Build.0 = Debug|Any CPU
		{B42C38B5-2150-4CC2-8D0C-10EC5B749D9E}.Release|Any CPU.ActiveCfg = Release|Any CPU
		{B42C38B5-2150-4CC2-8D0C-10EC5B749D9E}.Release|Any CPU.Build.0 = Release|Any CPU
		{9E286862-5A38-4F8F-921A-B990BFEBC227}.Debug|Any CPU.ActiveCfg = Debug|Any CPU
		{9E286862-5A38-4F8F-921A-B990BFEBC227}.Debug|Any CPU.Build.0 = Debug|Any CPU
		{9E286862-5A38-4F8F-921A-B990BFEBC227}.Release|Any CPU.ActiveCfg = Release|Any CPU
		{9E286862-5A38-4F8F-921A-B990BFEBC227}.Release|Any CPU.Build.0 = Release|Any CPU
		{543A853F-0188-40B8-86A4-CDFFCC0A7CD2}.Debug|Any CPU.ActiveCfg = Debug|Any CPU
		{543A853F-0188-40B8-86A4-CDFFCC0A7CD2}.Debug|Any CPU.Build.0 = Debug|Any CPU
		{543A853F-0188-40B8-86A4-CDFFCC0A7CD2}.Release|Any CPU.ActiveCfg = Release|Any CPU
		{543A853F-0188-40B8-86A4-CDFFCC0A7CD2}.Release|Any CPU.Build.0 = Release|Any CPU
		{E5DD9166-EB85-49E5-A78E-70FA3408C406}.Debug|Any CPU.ActiveCfg = Debug|Any CPU
		{E5DD9166-EB85-49E5-A78E-70FA3408C406}.Debug|Any CPU.Build.0 = Debug|Any CPU
		{E5DD9166-EB85-49E5-A78E-70FA3408C406}.Release|Any CPU.ActiveCfg = Release|Any CPU
		{E5DD9166-EB85-49E5-A78E-70FA3408C406}.Release|Any CPU.Build.0 = Release|Any CPU
		{08B7DF51-EC5C-421A-8900-781000C2930C}.Debug|Any CPU.ActiveCfg = Debug|Any CPU
		{08B7DF51-EC5C-421A-8900-781000C2930C}.Debug|Any CPU.Build.0 = Debug|Any CPU
		{08B7DF51-EC5C-421A-8900-781000C2930C}.Release|Any CPU.ActiveCfg = Release|Any CPU
		{08B7DF51-EC5C-421A-8900-781000C2930C}.Release|Any CPU.Build.0 = Release|Any CPU
		{DEB54494-736C-45B0-9841-14B712CF4CE4}.Debug|Any CPU.ActiveCfg = Debug|Any CPU
		{DEB54494-736C-45B0-9841-14B712CF4CE4}.Debug|Any CPU.Build.0 = Debug|Any CPU
		{DEB54494-736C-45B0-9841-14B712CF4CE4}.Release|Any CPU.ActiveCfg = Release|Any CPU
		{DEB54494-736C-45B0-9841-14B712CF4CE4}.Release|Any CPU.Build.0 = Release|Any CPU
	EndGlobalSection
	GlobalSection(SolutionProperties) = preSolution
		HideSolutionNode = FALSE
	EndGlobalSection
	GlobalSection(NestedProjects) = preSolution
		{55750351-9346-45BB-AC1A-86BB06A0A242} = {6D01DC9A-D065-43E1-BB34-36FB47FB8FD4}
		{BFF2A0B6-640C-4D21-89E2-14C07EFE5010} = {6D01DC9A-D065-43E1-BB34-36FB47FB8FD4}
		{A08F2460-A4E6-442B-9CBE-A96FDF74A3C8} = {E49FE3C4-F3F8-4E5F-8D37-02A15A275681}
		{B42C38B5-2150-4CC2-8D0C-10EC5B749D9E} = {E49FE3C4-F3F8-4E5F-8D37-02A15A275681}
		{9E286862-5A38-4F8F-921A-B990BFEBC227} = {75BA70B9-ACDE-41C1-825D-904037B1AF30}
		{543A853F-0188-40B8-86A4-CDFFCC0A7CD2} = {75BA70B9-ACDE-41C1-825D-904037B1AF30}
		{E5DD9166-EB85-49E5-A78E-70FA3408C406} = {0C82918E-75A1-4CC7-82AF-C23D10824A4A}
		{08B7DF51-EC5C-421A-8900-781000C2930C} = {76F64627-14A5-47DB-9787-275827C97B30}
		{DEB54494-736C-45B0-9841-14B712CF4CE4} = {76F64627-14A5-47DB-9787-275827C97B30}
	EndGlobalSection
	GlobalSection(ExtensibilityGlobals) = postSolution
		SolutionGuid = {5BE39640-140B-462A-86A4-1BDB3B2FE033}
	EndGlobalSection
EndGlobal
